// !$*UTF8*$!
{
	archiveVersion = 1;
	classes = {
	};
	objectVersion = 46;
	objects = {

/* Begin PBXBuildFile section */
		A6D4E16B1528BEF600E5AFF9 /* Foundation.framework in Frameworks */ = {isa = PBXBuildFile; fileRef = A6D4E16A1528BEF600E5AFF9 /* Foundation.framework */; };
		A6D4E16E1528BEF600E5AFF9 /* main.m in Sources */ = {isa = PBXBuildFile; fileRef = A6D4E16D1528BEF600E5AFF9 /* main.m */; };
		A6D4E1721528BEF600E5AFF9 /* DSLIni.1 in CopyFiles */ = {isa = PBXBuildFile; fileRef = A6D4E1711528BEF600E5AFF9 /* DSLIni.1 */; };
/* End PBXBuildFile section */

/* Begin PBXCopyFilesBuildPhase section */
		A6D4E1641528BEF500E5AFF9 /* CopyFiles */ = {
			isa = PBXCopyFilesBuildPhase;
			buildActionMask = 2147483647;
			dstPath = /usr/share/man/man1/;
			dstSubfolderSpec = 0;
			files = (
				A6D4E1721528BEF600E5AFF9 /* DSLIni.1 in CopyFiles */,
			);
			runOnlyForDeploymentPostprocessing = 1;
		};
/* End PBXCopyFilesBuildPhase section */

/* Begin PBXFileReference section */
		A6D4E1661528BEF600E5AFF9 /* DSLIni */ = {isa = PBXFileReference; explicitFileType = "compiled.mach-o.executable"; includeInIndex = 0; path = DSLIni; sourceTree = BUILT_PRODUCTS_DIR; };
		A6D4E16A1528BEF600E5AFF9 /* Foundation.framework */ = {isa = PBXFileReference; lastKnownFileType = wrapper.framework; name = Foundation.framework; path = System/Library/Frameworks/Foundation.framework; sourceTree = SDKROOT; };
		A6D4E16D1528BEF600E5AFF9 /* main.m */ = {isa = PBXFileReference; lastKnownFileType = sourcecode.c.objc; path = main.m; sourceTree = "<group>"; };
		A6D4E1701528BEF600E5AFF9 /* DSLIni-Prefix.pch */ = {isa = PBXFileReference; path = "DSLIni-Prefix.pch"; sourceTree = "<group>"; };
		A6D4E1711528BEF600E5AFF9 /* DSLIni.1 */ = {isa = PBXFileReference; lastKnownFileType = text.man; path = DSLIni.1; sourceTree = "<group>"; };
/* End PBXFileReference section */

/* Begin PBXFrameworksBuildPhase section */
		A6D4E1631528BEF500E5AFF9 /* Frameworks */ = {
			isa = PBXFrameworksBuildPhase;
			buildActionMask = 2147483647;
			files = (
				A6D4E16B1528BEF600E5AFF9 /* Foundation.framework in Frameworks */,
			);
			runOnlyForDeploymentPostprocessing = 0;
		};
/* End PBXFrameworksBuildPhase section */

/* Begin PBXGroup section */
		A6D4E15B1528BEF100E5AFF9 = {
			isa = PBXGroup;
			children = (
				A6D4E16C1528BEF600E5AFF9 /* DSLIni */,
				A6D4E1691528BEF600E5AFF9 /* Frameworks */,
				A6D4E1671528BEF600E5AFF9 /* Products */,
			);
			sourceTree = "<group>";
		};
		A6D4E1671528BEF600E5AFF9 /* Products */ = {
			isa = PBXGroup;
			children = (
				A6D4E1661528BEF600E5AFF9 /* DSLIni */,
			);
			name = Products;
			sourceTree = "<group>";
		};
		A6D4E1691528BEF600E5AFF9 /* Frameworks */ = {
			isa = PBXGroup;
			children = (
				A6D4E16A1528BEF600E5AFF9 /* Foundation.framework */,
			);
			name = Frameworks;
			sourceTree = "<group>";
		};
		A6D4E16C1528BEF600E5AFF9 /* DSLIni */ = {
			isa = PBXGroup;
			children = (
				A6D4E16D1528BEF600E5AFF9 /* main.m */,
				A6D4E1711528BEF600E5AFF9 /* DSLIni.1 */,
				A6D4E16F1528BEF600E5AFF9 /* Supporting Files */,
			);
			path = DSLIni;
			sourceTree = "<group>";
		};
		A6D4E16F1528BEF600E5AFF9 /* Supporting Files */ = {
			isa = PBXGroup;
			children = (
				A6D4E1701528BEF600E5AFF9 /* DSLIni-Prefix.pch */,
			);
			name = "Supporting Files";
			sourceTree = "<group>";
		};
/* End PBXGroup section */

/* Begin PBXNativeTarget section */
		A6D4E1651528BEF500E5AFF9 /* DSLIni */ = {
			isa = PBXNativeTarget;
			buildConfigurationList = A6D4E1751528BEF600E5AFF9 /* Build configuration list for PBXNativeTarget "DSLIni" */;
			buildPhases = (
				A6D4E1621528BEF500E5AFF9 /* Sources */,
				A6D4E1631528BEF500E5AFF9 /* Frameworks */,
				A6D4E1641528BEF500E5AFF9 /* CopyFiles */,
			);
			buildRules = (
			);
			dependencies = (
			);
			name = DSLIni;
			productName = DSLIni;
			productReference = A6D4E1661528BEF600E5AFF9 /* DSLIni */;
			productType = "com.apple.product-type.tool";
		};
/* End PBXNativeTarget section */

/* Begin PBXProject section */
		A6D4E15D1528BEF100E5AFF9 /* Project object */ = {
			isa = PBXProject;
			attributes = {
				LastUpgradeCheck = 0440;
				ORGANIZATIONNAME = Jayway;
			};
			buildConfigurationList = A6D4E1601528BEF100E5AFF9 /* Build configuration list for PBXProject "DSLIni" */;
			compatibilityVersion = "Xcode 3.2";
			developmentRegion = English;
			hasScannedForEncodings = 0;
			knownRegions = (
				en,
			);
			mainGroup = A6D4E15B1528BEF100E5AFF9;
			productRefGroup = A6D4E1671528BEF600E5AFF9 /* Products */;
			projectDirPath = "";
			projectRoot = "";
			targets = (
				A6D4E1651528BEF500E5AFF9 /* DSLIni */,
			);
		};
/* End PBXProject section */

/* Begin PBXSourcesBuildPhase section */
		A6D4E1621528BEF500E5AFF9 /* Sources */ = {
			isa = PBXSourcesBuildPhase;
			buildActionMask = 2147483647;
			files = (
				A6D4E16E1528BEF600E5AFF9 /* main.m in Sources */,
			);
			runOnlyForDeploymentPostprocessing = 0;
		};
/* End PBXSourcesBuildPhase section */

/* Begin XCBuildConfiguration section */
		A6D4E1731528BEF600E5AFF9 /* Debug */ = {
			isa = XCBuildConfiguration;
			buildSettings = {
				ALWAYS_SEARCH_USER_PATHS = NO;
				ARCHS = "$(ARCHS_STANDARD_64_BIT)";
				CLANG_ENABLE_OBJC_ARC = YES;
				CLANG_WARN__DUPLICATE_METHOD_MATCH = YES;
				COPY_PHASE_STRIP = NO;
				GCC_C_LANGUAGE_STANDARD = gnu99;
				GCC_DYNAMIC_NO_PIC = NO;
				GCC_ENABLE_OBJC_EXCEPTIONS = YES;
				GCC_OPTIMIZATION_LEVEL = 0;
				GCC_PREPROCESSOR_DEFINITIONS = (
					"DEBUG=1",
					"$(inherited)",
				);
				GCC_SYMBOLS_PRIVATE_EXTERN = NO;
				GCC_VERSION = com.apple.compilers.llvm.clang.1_0;
				GCC_WARN_64_TO_32_BIT_CONVERSION = YES;
				GCC_WARN_ABOUT_RETURN_TYPE = YES;
				GCC_WARN_UNINITIALIZED_AUTOS = YES;
				GCC_WARN_UNUSED_VARIABLE = YES;
				MACOSX_DEPLOYMENT_TARGET = 10.8;
				ONLY_ACTIVE_ARCH = YES;
				SDKROOT = macosx;
			};
			name = Debug;
		};
		A6D4E1741528BEF600E5AFF9 /* Release */ = {
			isa = XCBuildConfiguration;
			buildSettings = {
				ALWAYS_SEARCH_USER_PATHS = NO;
				ARCHS = "$(ARCHS_STANDARD_64_BIT)";
				CLANG_ENABLE_OBJC_ARC = YES;
				CLANG_WARN__DUPLICATE_METHOD_MATCH = YES;
				COPY_PHASE_STRIP = YES;
				DEBUG_INFORMATION_FORMAT = "dwarf-with-dsym";
				GCC_C_LANGUAGE_STANDARD = gnu99;
				GCC_ENABLE_OBJC_EXCEPTIONS = YES;
				GCC_VERSION = com.apple.compilers.llvm.clang.1_0;
				GCC_WARN_64_TO_32_BIT_CONVERSION = YES;
				GCC_WARN_ABOUT_RETURN_TYPE = YES;
				GCC_WARN_UNINITIALIZED_AUTOS = YES;
				GCC_WARN_UNUSED_VARIABLE = YES;
				MACOSX_DEPLOYMENT_TARGET = 10.8;
				SDKROOT = macosx;
			};
			name = Release;
		};
		A6D4E1761528BEF600E5AFF9 /* Debug */ = {
			isa = XCBuildConfiguration;
			buildSettings = {
				GCC_PRECOMPILE_PREFIX_HEADER = YES;
				GCC_PREFIX_HEADER = "DSLIni/DSLIni-Prefix.pch";
				PRODUCT_NAME = "$(TARGET_NAME)";
			};
			name = Debug;
		};
		A6D4E1771528BEF600E5AFF9 /* Release */ = {
			isa = XCBuildConfiguration;
			buildSettings = {
				GCC_PRECOMPILE_PREFIX_HEADER = YES;
				GCC_PREFIX_HEADER = "DSLIni/DSLIni-Prefix.pch";
				PRODUCT_NAME = "$(TARGET_NAME)";
			};
			name = Release;
		};
/* End XCBuildConfiguration section */

/* Begin XCConfigurationList section */
		A6D4E1601528BEF100E5AFF9 /* Build configuration list for PBXProject "DSLIni" */ = {
			isa = XCConfigurationList;
			buildConfigurations = (
				A6D4E1731528BEF600E5AFF9 /* Debug */,
				A6D4E1741528BEF600E5AFF9 /* Release */,
			);
			defaultConfigurationIsVisible = 0;
			defaultConfigurationName = Release;
		};
		A6D4E1751528BEF600E5AFF9 /* Build configuration list for PBXNativeTarget "DSLIni" */ = {
			isa = XCConfigurationList;
			buildConfigurations = (
				A6D4E1761528BEF600E5AFF9 /* Debug */,
				A6D4E1771528BEF600E5AFF9 /* Release */,
			);
			defaultConfigurationIsVisible = 0;
		};
/* End XCConfigurationList section */
	};
	rootObject = A6D4E15D1528BEF100E5AFF9 /* Project object */;
}
